
Microsoft Visual Studio Solution File, Format Version 12.00
# Visual Studio Version 16
VisualStudioVersion = 16.0.30114.105
MinimumVisualStudioVersion = 10.0.40219.1
Project("{9A19103F-16F7-4668-BE54-9A1E7A4F7556}") = "DAIProxy.Lambda", "DAIProxy.Lambda\DAIProxy.Lambda.csproj", "{4D5259D7-3C54-4087-8598-4F43C6FBEE07}"
	ProjectSection(ProjectDependencies) = postProject
		{07059B2B-0E91-4AA8-B8C2-9986505D3311} = {07059B2B-0E91-4AA8-B8C2-9986505D3311}
	EndProjectSection
EndProject
Project("{9A19103F-16F7-4668-BE54-9A1E7A4F7556}") = "DAIProxy.Tests", "DAIProxy.Tests\DAIProxy.Tests.csproj", "{5E957FC4-AFD7-415B-8A4A-7DA9CAFE51EE}"
EndProject
Project("{9A19103F-16F7-4668-BE54-9A1E7A4F7556}") = "DAIProxy.Sample", "DAIProxy.Sample\DAIProxy.Sample.csproj", "{0F10A043-A3D9-48F3-A872-A6C357B3BF44}"
EndProject
Project("{9A19103F-16F7-4668-BE54-9A1E7A4F7556}") = "DAIProxy.Core", "DAIProxy.Core\DAIProxy.Core.csproj", "{07059B2B-0E91-4AA8-B8C2-9986505D3311}"
EndProject
Global
	GlobalSection(SolutionConfigurationPlatforms) = preSolution
		Debug|Any CPU = Debug|Any CPU
		Release|Any CPU = Release|Any CPU
	EndGlobalSection
	GlobalSection(ProjectConfigurationPlatforms) = postSolution
		{4D5259D7-3C54-4087-8598-4F43C6FBEE07}.Debug|Any CPU.ActiveCfg = Debug|Any CPU
		{4D5259D7-3C54-4087-8598-4F43C6FBEE07}.Debug|Any CPU.Build.0 = Debug|Any CPU
		{4D5259D7-3C54-4087-8598-4F43C6FBEE07}.Release|Any CPU.ActiveCfg = Release|Any CPU
		{4D5259D7-3C54-4087-8598-4F43C6FBEE07}.Release|Any CPU.Build.0 = Release|Any CPU
		{5E957FC4-AFD7-415B-8A4A-7DA9CAFE51EE}.Debug|Any CPU.ActiveCfg = Debug|Any CPU
		{5E957FC4-AFD7-415B-8A4A-7DA9CAFE51EE}.Debug|Any CPU.Build.0 = Debug|Any CPU
		{5E957FC4-AFD7-415B-8A4A-7DA9CAFE51EE}.Release|Any CPU.ActiveCfg = Release|Any CPU
		{5E957FC4-AFD7-415B-8A4A-7DA9CAFE51EE}.Release|Any CPU.Build.0 = Release|Any CPU
		{0F10A043-A3D9-48F3-A872-A6C357B3BF44}.Debug|Any CPU.ActiveCfg = Debug|Any CPU
		{0F10A043-A3D9-48F3-A872-A6C357B3BF44}.Debug|Any CPU.Build.0 = Debug|Any CPU
		{0F10A043-A3D9-48F3-A872-A6C357B3BF44}.Release|Any CPU.ActiveCfg = Release|Any CPU
		{0F10A043-A3D9-48F3-A872-A6C357B3BF44}.Release|Any CPU.Build.0 = Release|Any CPU
		{07059B2B-0E91-4AA8-B8C2-9986505D3311}.Debug|Any CPU.ActiveCfg = Debug|Any CPU
		{07059B2B-0E91-4AA8-B8C2-9986505D3311}.Debug|Any CPU.Build.0 = Debug|Any CPU
		{07059B2B-0E91-4AA8-B8C2-9986505D3311}.Release|Any CPU.ActiveCfg = Release|Any CPU
		{07059B2B-0E91-4AA8-B8C2-9986505D3311}.Release|Any CPU.Build.0 = Release|Any CPU
	EndGlobalSection
	GlobalSection(SolutionProperties) = preSolution
		HideSolutionNode = FALSE
	EndGlobalSection
	GlobalSection(ExtensibilityGlobals) = postSolution
		SolutionGuid = {3FDA5698-3D13-4643-B383-2B88C0171011}
	EndGlobalSection
EndGlobal
